
Microsoft Visual Studio Solution File, Format Version 12.00
# Visual Studio Version 16
VisualStudioVersion = 16.0.30330.147
MinimumVisualStudioVersion = 10.0.40219.1
Project("{FAE04EC0-301F-11D3-BF4B-00C04F79EFBC}") = "OOPoint", "OOPoint.csproj", "{19F94E35-FD54-44DF-9D70-EC9B111BFF30}"
EndProject
Global
	GlobalSection(SolutionConfigurationPlatforms) = preSolution
		Debug|Any CPU = Debug|Any CPU
		Release|Any CPU = Release|Any CPU
	EndGlobalSection
	GlobalSection(ProjectConfigurationPlatforms) = postSolution
		{19F94E35-FD54-44DF-9D70-EC9B111BFF30}.Debug|Any CPU.ActiveCfg = Debug|Any CPU
		{19F94E35-FD54-44DF-9D70-EC9B111BFF30}.Debug|Any CPU.Build.0 = Debug|Any CPU
		{19F94E35-FD54-44DF-9D70-EC9B111BFF30}.Release|Any CPU.ActiveCfg = Release|Any CPU
		{19F94E35-FD54-44DF-9D70-EC9B111BFF30}.Release|Any CPU.Build.0 = Release|Any CPU
	EndGlobalSection
	GlobalSection(SolutionProperties) = preSolution
		HideSolutionNode = FALSE
	EndGlobalSection
	GlobalSection(ExtensibilityGlobals) = postSolution
		SolutionGuid = {0652338E-63C1-419F-BAC8-21AC59F96003}
	EndGlobalSection
EndGlobal
